
Microsoft Visual Studio Solution File, Format Version 12.00
# Visual Studio 15
VisualStudioVersion = 15.0.27703.2035
MinimumVisualStudioVersion = 10.0.40219.1
Project("{FAE04EC0-301F-11D3-BF4B-00C04F79EFBC}") = "XamarinAutofac.XApp.Android", "XamarinAutofac.XApp\XamarinAutofac.XApp.Android\XamarinAutofac.XApp.Android.csproj", "{8FDD643F-FB60-430B-B318-5783EF0F043D}"
EndProject
Project("{FAE04EC0-301F-11D3-BF4B-00C04F79EFBC}") = "XamarinAutofac.XApp", "XamarinAutofac.XApp\XamarinAutofac.XApp\XamarinAutofac.XApp.csproj", "{80D9CC2E-8C50-41B7-B122-42A3D03FA59D}"
EndProject
Global
	GlobalSection(SolutionConfigurationPlatforms) = preSolution
		Debug|Any CPU = Debug|Any CPU
		Release|Any CPU = Release|Any CPU
	EndGlobalSection
	GlobalSection(ProjectConfigurationPlatforms) = postSolution
		{8FDD643F-FB60-430B-B318-5783EF0F043D}.Debug|Any CPU.ActiveCfg = Debug|Any CPU
		{8FDD643F-FB60-430B-B318-5783EF0F043D}.Debug|Any CPU.Build.0 = Debug|Any CPU
		{8FDD643F-FB60-430B-B318-5783EF0F043D}.Debug|Any CPU.Deploy.0 = Debug|Any CPU
		{8FDD643F-FB60-430B-B318-5783EF0F043D}.Release|Any CPU.ActiveCfg = Release|Any CPU
		{8FDD643F-FB60-430B-B318-5783EF0F043D}.Release|Any CPU.Build.0 = Release|Any CPU
		{8FDD643F-FB60-430B-B318-5783EF0F043D}.Release|Any CPU.Deploy.0 = Release|Any CPU
		{80D9CC2E-8C50-41B7-B122-42A3D03FA59D}.Debug|Any CPU.ActiveCfg = Debug|Any CPU
		{80D9CC2E-8C50-41B7-B122-42A3D03FA59D}.Debug|Any CPU.Build.0 = Debug|Any CPU
		{80D9CC2E-8C50-41B7-B122-42A3D03FA59D}.Debug|Any CPU.Deploy.0 = Debug|Any CPU
		{80D9CC2E-8C50-41B7-B122-42A3D03FA59D}.Release|Any CPU.ActiveCfg = Release|Any CPU
		{80D9CC2E-8C50-41B7-B122-42A3D03FA59D}.Release|Any CPU.Build.0 = Release|Any CPU
		{80D9CC2E-8C50-41B7-B122-42A3D03FA59D}.Release|Any CPU.Deploy.0 = Release|Any CPU
	EndGlobalSection
	GlobalSection(SolutionProperties) = preSolution
		HideSolutionNode = FALSE
	EndGlobalSection
	GlobalSection(ExtensibilityGlobals) = postSolution
		SolutionGuid = {57C3272B-D81F-45F2-8120-427C852EFDC5}
	EndGlobalSection
EndGlobal
